// !$*UTF8*$!
{
	archiveVersion = 1;
	classes = {
	};
	objectVersion = 50;
	objects = {

/* Begin PBXBuildFile section */
		5C25EE1E2455DDD3004F12C6 /* AppDelegate.swift in Sources */ = {isa = PBXBuildFile; fileRef = 5C25EE1D2455DDD3004F12C6 /* AppDelegate.swift */; };
		5C25EE202455DDD3004F12C6 /* SceneDelegate.swift in Sources */ = {isa = PBXBuildFile; fileRef = 5C25EE1F2455DDD3004F12C6 /* SceneDelegate.swift */; };
		5C25EE252455DDD3004F12C6 /* Main.storyboard in Resources */ = {isa = PBXBuildFile; fileRef = 5C25EE232455DDD3004F12C6 /* Main.storyboard */; };
		5C25EE272455DDD5004F12C6 /* Assets.xcassets in Resources */ = {isa = PBXBuildFile; fileRef = 5C25EE262455DDD5004F12C6 /* Assets.xcassets */; };
		5C25EE2A2455DDD5004F12C6 /* LaunchScreen.storyboard in Resources */ = {isa = PBXBuildFile; fileRef = 5C25EE282455DDD5004F12C6 /* LaunchScreen.storyboard */; };
		5C25EE352455DDD5004F12C6 /* PrismaMediaTestTests.swift in Sources */ = {isa = PBXBuildFile; fileRef = 5C25EE342455DDD5004F12C6 /* PrismaMediaTestTests.swift */; };
		5C25EE442455E3EA004F12C6 /* User.swift in Sources */ = {isa = PBXBuildFile; fileRef = 5C25EE432455E3EA004F12C6 /* User.swift */; };
		5C25EE462455E4FC004F12C6 /* UserManager.swift in Sources */ = {isa = PBXBuildFile; fileRef = 5C25EE452455E4FC004F12C6 /* UserManager.swift */; };
		5C25EE4A2455E6C6004F12C6 /* NetworkService.swift in Sources */ = {isa = PBXBuildFile; fileRef = 5C25EE492455E6C6004F12C6 /* NetworkService.swift */; };
		5C25EE4C2455E6D1004F12C6 /* StorageService.swift in Sources */ = {isa = PBXBuildFile; fileRef = 5C25EE4B2455E6D1004F12C6 /* StorageService.swift */; };
		5C25EE4E2455E6E6004F12C6 /* ServiceError.swift in Sources */ = {isa = PBXBuildFile; fileRef = 5C25EE4D2455E6E6004F12C6 /* ServiceError.swift */; };
		5C25EE502455E83C004F12C6 /* Strings+Extensions.swift in Sources */ = {isa = PBXBuildFile; fileRef = 5C25EE4F2455E83C004F12C6 /* Strings+Extensions.swift */; };
		5C25EE522455F0E2004F12C6 /* NetworkResponse.swift in Sources */ = {isa = PBXBuildFile; fileRef = 5C25EE512455F0E2004F12C6 /* NetworkResponse.swift */; };
		5C25EE542455F4BF004F12C6 /* UserViewController.swift in Sources */ = {isa = PBXBuildFile; fileRef = 5C25EE532455F4BF004F12C6 /* UserViewController.swift */; };
		5C25EE562455F4CC004F12C6 /* UserModificationViewController.swift in Sources */ = {isa = PBXBuildFile; fileRef = 5C25EE552455F4CC004F12C6 /* UserModificationViewController.swift */; };
		5C25EE582455FF7A004F12C6 /* UIViewController+Extensions.swift in Sources */ = {isa = PBXBuildFile; fileRef = 5C25EE572455FF7A004F12C6 /* UIViewController+Extensions.swift */; };
/* End PBXBuildFile section */

/* Begin PBXContainerItemProxy section */
		5C25EE312455DDD5004F12C6 /* PBXContainerItemProxy */ = {
			isa = PBXContainerItemProxy;
			containerPortal = 5C25EE122455DDD3004F12C6 /* Project object */;
			proxyType = 1;
			remoteGlobalIDString = 5C25EE192455DDD3004F12C6;
			remoteInfo = PrismaMediaTest;
		};
/* End PBXContainerItemProxy section */

/* Begin PBXFileReference section */
		5C25EE1A2455DDD3004F12C6 /* PrismaMediaTest.app */ = {isa = PBXFileReference; explicitFileType = wrapper.application; includeInIndex = 0; path = PrismaMediaTest.app; sourceTree = BUILT_PRODUCTS_DIR; };
		5C25EE1D2455DDD3004F12C6 /* AppDelegate.swift */ = {isa = PBXFileReference; lastKnownFileType = sourcecode.swift; path = AppDelegate.swift; sourceTree = "<group>"; };
		5C25EE1F2455DDD3004F12C6 /* SceneDelegate.swift */ = {isa = PBXFileReference; lastKnownFileType = sourcecode.swift; path = SceneDelegate.swift; sourceTree = "<group>"; };
		5C25EE242455DDD3004F12C6 /* Base */ = {isa = PBXFileReference; lastKnownFileType = file.storyboard; name = Base; path = Base.lproj/Main.storyboard; sourceTree = "<group>"; };
		5C25EE262455DDD5004F12C6 /* Assets.xcassets */ = {isa = PBXFileReference; lastKnownFileType = folder.assetcatalog; path = Assets.xcassets; sourceTree = "<group>"; };
		5C25EE292455DDD5004F12C6 /* Base */ = {isa = PBXFileReference; lastKnownFileType = file.storyboard; name = Base; path = Base.lproj/LaunchScreen.storyboard; sourceTree = "<group>"; };
		5C25EE2B2455DDD5004F12C6 /* Info.plist */ = {isa = PBXFileReference; lastKnownFileType = text.plist.xml; path = Info.plist; sourceTree = "<group>"; };
		5C25EE302455DDD5004F12C6 /* PrismaMediaTestTests.xctest */ = {isa = PBXFileReference; explicitFileType = wrapper.cfbundle; includeInIndex = 0; path = PrismaMediaTestTests.xctest; sourceTree = BUILT_PRODUCTS_DIR; };
		5C25EE342455DDD5004F12C6 /* PrismaMediaTestTests.swift */ = {isa = PBXFileReference; lastKnownFileType = sourcecode.swift; path = PrismaMediaTestTests.swift; sourceTree = "<group>"; };
		5C25EE362455DDD5004F12C6 /* Info.plist */ = {isa = PBXFileReference; lastKnownFileType = text.plist.xml; path = Info.plist; sourceTree = "<group>"; };
		5C25EE432455E3EA004F12C6 /* User.swift */ = {isa = PBXFileReference; lastKnownFileType = sourcecode.swift; path = User.swift; sourceTree = "<group>"; };
		5C25EE452455E4FC004F12C6 /* UserManager.swift */ = {isa = PBXFileReference; lastKnownFileType = sourcecode.swift; path = UserManager.swift; sourceTree = "<group>"; };
		5C25EE492455E6C6004F12C6 /* NetworkService.swift */ = {isa = PBXFileReference; lastKnownFileType = sourcecode.swift; path = NetworkService.swift; sourceTree = "<group>"; };
		5C25EE4B2455E6D1004F12C6 /* StorageService.swift */ = {isa = PBXFileReference; lastKnownFileType = sourcecode.swift; path = StorageService.swift; sourceTree = "<group>"; };
		5C25EE4D2455E6E6004F12C6 /* ServiceError.swift */ = {isa = PBXFileReference; lastKnownFileType = sourcecode.swift; path = ServiceError.swift; sourceTree = "<group>"; };
		5C25EE4F2455E83C004F12C6 /* Strings+Extensions.swift */ = {isa = PBXFileReference; lastKnownFileType = sourcecode.swift; path = "Strings+Extensions.swift"; sourceTree = "<group>"; };
		5C25EE512455F0E2004F12C6 /* NetworkResponse.swift */ = {isa = PBXFileReference; lastKnownFileType = sourcecode.swift; path = NetworkResponse.swift; sourceTree = "<group>"; };
		5C25EE532455F4BF004F12C6 /* UserViewController.swift */ = {isa = PBXFileReference; lastKnownFileType = sourcecode.swift; path = UserViewController.swift; sourceTree = "<group>"; };
		5C25EE552455F4CC004F12C6 /* UserModificationViewController.swift */ = {isa = PBXFileReference; lastKnownFileType = sourcecode.swift; path = UserModificationViewController.swift; sourceTree = "<group>"; };
		5C25EE572455FF7A004F12C6 /* UIViewController+Extensions.swift */ = {isa = PBXFileReference; lastKnownFileType = sourcecode.swift; path = "UIViewController+Extensions.swift"; sourceTree = "<group>"; };
/* End PBXFileReference section */

/* Begin PBXFrameworksBuildPhase section */
		5C25EE172455DDD3004F12C6 /* Frameworks */ = {
			isa = PBXFrameworksBuildPhase;
			buildActionMask = 2147483647;
			files = (
			);
			runOnlyForDeploymentPostprocessing = 0;
		};
		5C25EE2D2455DDD5004F12C6 /* Frameworks */ = {
			isa = PBXFrameworksBuildPhase;
			buildActionMask = 2147483647;
			files = (
			);
			runOnlyForDeploymentPostprocessing = 0;
		};
/* End PBXFrameworksBuildPhase section */

/* Begin PBXGroup section */
		5C25EE112455DDD3004F12C6 = {
			isa = PBXGroup;
			children = (
				5C25EE1C2455DDD3004F12C6 /* PrismaMediaTest */,
				5C25EE332455DDD5004F12C6 /* PrismaMediaTestTests */,
				5C25EE1B2455DDD3004F12C6 /* Products */,
			);
			sourceTree = "<group>";
		};
		5C25EE1B2455DDD3004F12C6 /* Products */ = {
			isa = PBXGroup;
			children = (
				5C25EE1A2455DDD3004F12C6 /* PrismaMediaTest.app */,
				5C25EE302455DDD5004F12C6 /* PrismaMediaTestTests.xctest */,
			);
			name = Products;
			sourceTree = "<group>";
		};
		5C25EE1C2455DDD3004F12C6 /* PrismaMediaTest */ = {
			isa = PBXGroup;
			children = (
				5C25EE1D2455DDD3004F12C6 /* AppDelegate.swift */,
				5C25EE1F2455DDD3004F12C6 /* SceneDelegate.swift */,
				5C25EE3F2455DE8A004F12C6 /* Views & Controllers */,
				5C25EE402455DE94004F12C6 /* Models & Managers */,
				5C25EE482455E688004F12C6 /* Services */,
				5C25EE412455DEA0004F12C6 /* Helpers & Extensions */,
				5C25EE422455DF0C004F12C6 /* Resources */,
				5C25EE2B2455DDD5004F12C6 /* Info.plist */,
			);
			path = PrismaMediaTest;
			sourceTree = "<group>";
		};
		5C25EE332455DDD5004F12C6 /* PrismaMediaTestTests */ = {
			isa = PBXGroup;
			children = (
				5C25EE342455DDD5004F12C6 /* PrismaMediaTestTests.swift */,
				5C25EE362455DDD5004F12C6 /* Info.plist */,
			);
			path = PrismaMediaTestTests;
			sourceTree = "<group>";
		};
		5C25EE3F2455DE8A004F12C6 /* Views & Controllers */ = {
			isa = PBXGroup;
			children = (
				5C25EE282455DDD5004F12C6 /* LaunchScreen.storyboard */,
				5C25EE232455DDD3004F12C6 /* Main.storyboard */,
				5C25EE532455F4BF004F12C6 /* UserViewController.swift */,
				5C25EE552455F4CC004F12C6 /* UserModificationViewController.swift */,
			);
			path = "Views & Controllers";
			sourceTree = "<group>";
		};
		5C25EE402455DE94004F12C6 /* Models & Managers */ = {
			isa = PBXGroup;
			children = (
				5C25EE432455E3EA004F12C6 /* User.swift */,
				5C25EE452455E4FC004F12C6 /* UserManager.swift */,
				5C25EE512455F0E2004F12C6 /* NetworkResponse.swift */,
			);
			path = "Models & Managers";
			sourceTree = "<group>";
		};
		5C25EE412455DEA0004F12C6 /* Helpers & Extensions */ = {
			isa = PBXGroup;
			children = (
				5C25EE4F2455E83C004F12C6 /* Strings+Extensions.swift */,
				5C25EE572455FF7A004F12C6 /* UIViewController+Extensions.swift */,
			);
			path = "Helpers & Extensions";
			sourceTree = "<group>";
		};
		5C25EE422455DF0C004F12C6 /* Resources */ = {
			isa = PBXGroup;
			children = (
				5C25EE262455DDD5004F12C6 /* Assets.xcassets */,
			);
			path = Resources;
			sourceTree = "<group>";
		};
		5C25EE482455E688004F12C6 /* Services */ = {
			isa = PBXGroup;
			children = (
				5C25EE4D2455E6E6004F12C6 /* ServiceError.swift */,
				5C25EE492455E6C6004F12C6 /* NetworkService.swift */,
				5C25EE4B2455E6D1004F12C6 /* StorageService.swift */,
			);
			path = Services;
			sourceTree = "<group>";
		};
/* End PBXGroup section */

/* Begin PBXNativeTarget section */
		5C25EE192455DDD3004F12C6 /* PrismaMediaTest */ = {
			isa = PBXNativeTarget;
			buildConfigurationList = 5C25EE392455DDD5004F12C6 /* Build configuration list for PBXNativeTarget "PrismaMediaTest" */;
			buildPhases = (
				5C25EE162455DDD3004F12C6 /* Sources */,
				5C25EE172455DDD3004F12C6 /* Frameworks */,
				5C25EE182455DDD3004F12C6 /* Resources */,
			);
			buildRules = (
			);
			dependencies = (
			);
			name = PrismaMediaTest;
			productName = PrismaMediaTest;
			productReference = 5C25EE1A2455DDD3004F12C6 /* PrismaMediaTest.app */;
			productType = "com.apple.product-type.application";
		};
		5C25EE2F2455DDD5004F12C6 /* PrismaMediaTestTests */ = {
			isa = PBXNativeTarget;
			buildConfigurationList = 5C25EE3C2455DDD5004F12C6 /* Build configuration list for PBXNativeTarget "PrismaMediaTestTests" */;
			buildPhases = (
				5C25EE2C2455DDD5004F12C6 /* Sources */,
				5C25EE2D2455DDD5004F12C6 /* Frameworks */,
				5C25EE2E2455DDD5004F12C6 /* Resources */,
			);
			buildRules = (
			);
			dependencies = (
				5C25EE322455DDD5004F12C6 /* PBXTargetDependency */,
			);
			name = PrismaMediaTestTests;
			productName = PrismaMediaTestTests;
			productReference = 5C25EE302455DDD5004F12C6 /* PrismaMediaTestTests.xctest */;
			productType = "com.apple.product-type.bundle.unit-test";
		};
/* End PBXNativeTarget section */

/* Begin PBXProject section */
		5C25EE122455DDD3004F12C6 /* Project object */ = {
			isa = PBXProject;
			attributes = {
				LastSwiftUpdateCheck = 1130;
				LastUpgradeCheck = 1130;
				ORGANIZATIONNAME = greencode;
				TargetAttributes = {
					5C25EE192455DDD3004F12C6 = {
						CreatedOnToolsVersion = 11.3.1;
					};
					5C25EE2F2455DDD5004F12C6 = {
						CreatedOnToolsVersion = 11.3.1;
						TestTargetID = 5C25EE192455DDD3004F12C6;
					};
				};
			};
			buildConfigurationList = 5C25EE152455DDD3004F12C6 /* Build configuration list for PBXProject "PrismaMediaTest" */;
			compatibilityVersion = "Xcode 9.3";
			developmentRegion = en;
			hasScannedForEncodings = 0;
			knownRegions = (
				en,
				Base,
			);
			mainGroup = 5C25EE112455DDD3004F12C6;
			productRefGroup = 5C25EE1B2455DDD3004F12C6 /* Products */;
			projectDirPath = "";
			projectRoot = "";
			targets = (
				5C25EE192455DDD3004F12C6 /* PrismaMediaTest */,
				5C25EE2F2455DDD5004F12C6 /* PrismaMediaTestTests */,
			);
		};
/* End PBXProject section */

/* Begin PBXResourcesBuildPhase section */
		5C25EE182455DDD3004F12C6 /* Resources */ = {
			isa = PBXResourcesBuildPhase;
			buildActionMask = 2147483647;
			files = (
				5C25EE2A2455DDD5004F12C6 /* LaunchScreen.storyboard in Resources */,
				5C25EE272455DDD5004F12C6 /* Assets.xcassets in Resources */,
				5C25EE252455DDD3004F12C6 /* Main.storyboard in Resources */,
			);
			runOnlyForDeploymentPostprocessing = 0;
		};
		5C25EE2E2455DDD5004F12C6 /* Resources */ = {
			isa = PBXResourcesBuildPhase;
			buildActionMask = 2147483647;
			files = (
			);
			runOnlyForDeploymentPostprocessing = 0;
		};
/* End PBXResourcesBuildPhase section */

/* Begin PBXSourcesBuildPhase section */
		5C25EE162455DDD3004F12C6 /* Sources */ = {
			isa = PBXSourcesBuildPhase;
			buildActionMask = 2147483647;
			files = (
				5C25EE4E2455E6E6004F12C6 /* ServiceError.swift in Sources */,
				5C25EE522455F0E2004F12C6 /* NetworkResponse.swift in Sources */,
				5C25EE442455E3EA004F12C6 /* User.swift in Sources */,
				5C25EE542455F4BF004F12C6 /* UserViewController.swift in Sources */,
				5C25EE582455FF7A004F12C6 /* UIViewController+Extensions.swift in Sources */,
				5C25EE502455E83C004F12C6 /* Strings+Extensions.swift in Sources */,
				5C25EE1E2455DDD3004F12C6 /* AppDelegate.swift in Sources */,
				5C25EE462455E4FC004F12C6 /* UserManager.swift in Sources */,
				5C25EE4A2455E6C6004F12C6 /* NetworkService.swift in Sources */,
				5C25EE202455DDD3004F12C6 /* SceneDelegate.swift in Sources */,
				5C25EE4C2455E6D1004F12C6 /* StorageService.swift in Sources */,
				5C25EE562455F4CC004F12C6 /* UserModificationViewController.swift in Sources */,
			);
			runOnlyForDeploymentPostprocessing = 0;
		};
		5C25EE2C2455DDD5004F12C6 /* Sources */ = {
			isa = PBXSourcesBuildPhase;
			buildActionMask = 2147483647;
			files = (
				5C25EE352455DDD5004F12C6 /* PrismaMediaTestTests.swift in Sources */,
			);
			runOnlyForDeploymentPostprocessing = 0;
		};
/* End PBXSourcesBuildPhase section */

/* Begin PBXTargetDependency section */
		5C25EE322455DDD5004F12C6 /* PBXTargetDependency */ = {
			isa = PBXTargetDependency;
			target = 5C25EE192455DDD3004F12C6 /* PrismaMediaTest */;
			targetProxy = 5C25EE312455DDD5004F12C6 /* PBXContainerItemProxy */;
		};
/* End PBXTargetDependency section */

/* Begin PBXVariantGroup section */
		5C25EE232455DDD3004F12C6 /* Main.storyboard */ = {
			isa = PBXVariantGroup;
			children = (
				5C25EE242455DDD3004F12C6 /* Base */,
			);
			name = Main.storyboard;
			sourceTree = "<group>";
		};
		5C25EE282455DDD5004F12C6 /* LaunchScreen.storyboard */ = {
			isa = PBXVariantGroup;
			children = (
				5C25EE292455DDD5004F12C6 /* Base */,
			);
			name = LaunchScreen.storyboard;
			sourceTree = "<group>";
		};
/* End PBXVariantGroup section */

/* Begin XCBuildConfiguration section */
		5C25EE372455DDD5004F12C6 /* Debug */ = {
			isa = XCBuildConfiguration;
			buildSettings = {
				ALWAYS_SEARCH_USER_PATHS = NO;
				CLANG_ANALYZER_NONNULL = YES;
				CLANG_ANALYZER_NUMBER_OBJECT_CONVERSION = YES_AGGRESSIVE;
				CLANG_CXX_LANGUAGE_STANDARD = "gnu++14";
				CLANG_CXX_LIBRARY = "libc++";
				CLANG_ENABLE_MODULES = YES;
				CLANG_ENABLE_OBJC_ARC = YES;
				CLANG_ENABLE_OBJC_WEAK = YES;
				CLANG_WARN_BLOCK_CAPTURE_AUTORELEASING = YES;
				CLANG_WARN_BOOL_CONVERSION = YES;
				CLANG_WARN_COMMA = YES;
				CLANG_WARN_CONSTANT_CONVERSION = YES;
				CLANG_WARN_DEPRECATED_OBJC_IMPLEMENTATIONS = YES;
				CLANG_WARN_DIRECT_OBJC_ISA_USAGE = YES_ERROR;
				CLANG_WARN_DOCUMENTATION_COMMENTS = YES;
				CLANG_WARN_EMPTY_BODY = YES;
				CLANG_WARN_ENUM_CONVERSION = YES;
				CLANG_WARN_INFINITE_RECURSION = YES;
				CLANG_WARN_INT_CONVERSION = YES;
				CLANG_WARN_NON_LITERAL_NULL_CONVERSION = YES;
				CLANG_WARN_OBJC_IMPLICIT_RETAIN_SELF = YES;
				CLANG_WARN_OBJC_LITERAL_CONVERSION = YES;
				CLANG_WARN_OBJC_ROOT_CLASS = YES_ERROR;
				CLANG_WARN_RANGE_LOOP_ANALYSIS = YES;
				CLANG_WARN_STRICT_PROTOTYPES = YES;
				CLANG_WARN_SUSPICIOUS_MOVE = YES;
				CLANG_WARN_UNGUARDED_AVAILABILITY = YES_AGGRESSIVE;
				CLANG_WARN_UNREACHABLE_CODE = YES;
				CLANG_WARN__DUPLICATE_METHOD_MATCH = YES;
				COPY_PHASE_STRIP = NO;
				DEBUG_INFORMATION_FORMAT = dwarf;
				ENABLE_STRICT_OBJC_MSGSEND = YES;
				ENABLE_TESTABILITY = YES;
				GCC_C_LANGUAGE_STANDARD = gnu11;
				GCC_DYNAMIC_NO_PIC = NO;
				GCC_NO_COMMON_BLOCKS = YES;
				GCC_OPTIMIZATION_LEVEL = 0;
				GCC_PREPROCESSOR_DEFINITIONS = (
					"DEBUG=1",
					"$(inherited)",
				);
				GCC_WARN_64_TO_32_BIT_CONVERSION = YES;
				GCC_WARN_ABOUT_RETURN_TYPE = YES_ERROR;
				GCC_WARN_UNDECLARED_SELECTOR = YES;
				GCC_WARN_UNINITIALIZED_AUTOS = YES_AGGRESSIVE;
				GCC_WARN_UNUSED_FUNCTION = YES;
				GCC_WARN_UNUSED_VARIABLE = YES;
				IPHONEOS_DEPLOYMENT_TARGET = 13.2;
				MTL_ENABLE_DEBUG_INFO = INCLUDE_SOURCE;
				MTL_FAST_MATH = YES;
				ONLY_ACTIVE_ARCH = YES;
				SDKROOT = iphoneos;
				SWIFT_ACTIVE_COMPILATION_CONDITIONS = DEBUG;
				SWIFT_OPTIMIZATION_LEVEL = "-Onone";
			};
			name = Debug;
		};
		5C25EE382455DDD5004F12C6 /* Release */ = {
			isa = XCBuildConfiguration;
			buildSettings = {
				ALWAYS_SEARCH_USER_PATHS = NO;
				CLANG_ANALYZER_NONNULL = YES;
				CLANG_ANALYZER_NUMBER_OBJECT_CONVERSION = YES_AGGRESSIVE;
				CLANG_CXX_LANGUAGE_STANDARD = "gnu++14";
				CLANG_CXX_LIBRARY = "libc++";
				CLANG_ENABLE_MODULES = YES;
				CLANG_ENABLE_OBJC_ARC = YES;
				CLANG_ENABLE_OBJC_WEAK = YES;
				CLANG_WARN_BLOCK_CAPTURE_AUTORELEASING = YES;
				CLANG_WARN_BOOL_CONVERSION = YES;
				CLANG_WARN_COMMA = YES;
				CLANG_WARN_CONSTANT_CONVERSION = YES;
				CLANG_WARN_DEPRECATED_OBJC_IMPLEMENTATIONS = YES;
				CLANG_WARN_DIRECT_OBJC_ISA_USAGE = YES_ERROR;
				CLANG_WARN_DOCUMENTATION_COMMENTS = YES;
				CLANG_WARN_EMPTY_BODY = YES;
				CLANG_WARN_ENUM_CONVERSION = YES;
				CLANG_WARN_INFINITE_RECURSION = YES;
				CLANG_WARN_INT_CONVERSION = YES;
				CLANG_WARN_NON_LITERAL_NULL_CONVERSION = YES;
				CLANG_WARN_OBJC_IMPLICIT_RETAIN_SELF = YES;
				CLANG_WARN_OBJC_LITERAL_CONVERSION = YES;
				CLANG_WARN_OBJC_ROOT_CLASS = YES_ERROR;
				CLANG_WARN_RANGE_LOOP_ANALYSIS = YES;
				CLANG_WARN_STRICT_PROTOTYPES = YES;
				CLANG_WARN_SUSPICIOUS_MOVE = YES;
				CLANG_WARN_UNGUARDED_AVAILABILITY = YES_AGGRESSIVE;
				CLANG_WARN_UNREACHABLE_CODE = YES;
				CLANG_WARN__DUPLICATE_METHOD_MATCH = YES;
				COPY_PHASE_STRIP = NO;
				DEBUG_INFORMATION_FORMAT = "dwarf-with-dsym";
				ENABLE_NS_ASSERTIONS = NO;
				ENABLE_STRICT_OBJC_MSGSEND = YES;
				GCC_C_LANGUAGE_STANDARD = gnu11;
				GCC_NO_COMMON_BLOCKS = YES;
				GCC_WARN_64_TO_32_BIT_CONVERSION = YES;
				GCC_WARN_ABOUT_RETURN_TYPE = YES_ERROR;
				GCC_WARN_UNDECLARED_SELECTOR = YES;
				GCC_WARN_UNINITIALIZED_AUTOS = YES_AGGRESSIVE;
				GCC_WARN_UNUSED_FUNCTION = YES;
				GCC_WARN_UNUSED_VARIABLE = YES;
				IPHONEOS_DEPLOYMENT_TARGET = 13.2;
				MTL_ENABLE_DEBUG_INFO = NO;
				MTL_FAST_MATH = YES;
				SDKROOT = iphoneos;
				SWIFT_COMPILATION_MODE = wholemodule;
				SWIFT_OPTIMIZATION_LEVEL = "-O";
				VALIDATE_PRODUCT = YES;
			};
			name = Release;
		};
		5C25EE3A2455DDD5004F12C6 /* Debug */ = {
			isa = XCBuildConfiguration;
			buildSettings = {
				ASSETCATALOG_COMPILER_APPICON_NAME = AppIcon;
				CODE_SIGN_STYLE = Automatic;
				DEVELOPMENT_TEAM = 28878Y95WB;
				INFOPLIST_FILE = PrismaMediaTest/Info.plist;
				LD_RUNPATH_SEARCH_PATHS = (
					"$(inherited)",
					"@executable_path/Frameworks",
				);
				PRODUCT_BUNDLE_IDENTIFIER = com.greencode.PrismaMediaTest;
				PRODUCT_NAME = "$(TARGET_NAME)";
				SWIFT_VERSION = 5.0;
				TARGETED_DEVICE_FAMILY = "1,2";
			};
			name = Debug;
		};
		5C25EE3B2455DDD5004F12C6 /* Release */ = {
			isa = XCBuildConfiguration;
			buildSettings = {
				ASSETCATALOG_COMPILER_APPICON_NAME = AppIcon;
				CODE_SIGN_STYLE = Automatic;
				DEVELOPMENT_TEAM = 28878Y95WB;
				INFOPLIST_FILE = PrismaMediaTest/Info.plist;
				LD_RUNPATH_SEARCH_PATHS = (
					"$(inherited)",
					"@executable_path/Frameworks",
				);
				PRODUCT_BUNDLE_IDENTIFIER = com.greencode.PrismaMediaTest;
				PRODUCT_NAME = "$(TARGET_NAME)";
				SWIFT_VERSION = 5.0;
				TARGETED_DEVICE_FAMILY = "1,2";
			};
			name = Release;
		};
		5C25EE3D2455DDD5004F12C6 /* Debug */ = {
			isa = XCBuildConfiguration;
			buildSettings = {
				ALWAYS_EMBED_SWIFT_STANDARD_LIBRARIES = YES;
				BUNDLE_LOADER = "$(TEST_HOST)";
				CODE_SIGN_STYLE = Automatic;
				DEVELOPMENT_TEAM = 28878Y95WB;
				INFOPLIST_FILE = PrismaMediaTestTests/Info.plist;
				IPHONEOS_DEPLOYMENT_TARGET = 13.2;
				LD_RUNPATH_SEARCH_PATHS = (
					"$(inherited)",
					"@executable_path/Frameworks",
					"@loader_path/Frameworks",
				);
				PRODUCT_BUNDLE_IDENTIFIER = com.greencode.PrismaMediaTestTests;
				PRODUCT_NAME = "$(TARGET_NAME)";
				SWIFT_VERSION = 5.0;
				TARGETED_DEVICE_FAMILY = "1,2";
				TEST_HOST = "$(BUILT_PRODUCTS_DIR)/PrismaMediaTest.app/PrismaMediaTest";
			};
			name = Debug;
		};
		5C25EE3E2455DDD5004F12C6 /* Release */ = {
			isa = XCBuildConfiguration;
			buildSettings = {
				ALWAYS_EMBED_SWIFT_STANDARD_LIBRARIES = YES;
				BUNDLE_LOADER = "$(TEST_HOST)";
				CODE_SIGN_STYLE = Automatic;
				DEVELOPMENT_TEAM = 28878Y95WB;
				INFOPLIST_FILE = PrismaMediaTestTests/Info.plist;
				IPHONEOS_DEPLOYMENT_TARGET = 13.2;
				LD_RUNPATH_SEARCH_PATHS = (
					"$(inherited)",
					"@executable_path/Frameworks",
					"@loader_path/Frameworks",
				);
				PRODUCT_BUNDLE_IDENTIFIER = com.greencode.PrismaMediaTestTests;
				PRODUCT_NAME = "$(TARGET_NAME)";
				SWIFT_VERSION = 5.0;
				TARGETED_DEVICE_FAMILY = "1,2";
				TEST_HOST = "$(BUILT_PRODUCTS_DIR)/PrismaMediaTest.app/PrismaMediaTest";
			};
			name = Release;
		};
/* End XCBuildConfiguration section */

/* Begin XCConfigurationList section */
		5C25EE152455DDD3004F12C6 /* Build configuration list for PBXProject "PrismaMediaTest" */ = {
			isa = XCConfigurationList;
			buildConfigurations = (
				5C25EE372455DDD5004F12C6 /* Debug */,
				5C25EE382455DDD5004F12C6 /* Release */,
			);
			defaultConfigurationIsVisible = 0;
			defaultConfigurationName = Release;
		};
		5C25EE392455DDD5004F12C6 /* Build configuration list for PBXNativeTarget "PrismaMediaTest" */ = {
			isa = XCConfigurationList;
			buildConfigurations = (
				5C25EE3A2455DDD5004F12C6 /* Debug */,
				5C25EE3B2455DDD5004F12C6 /* Release */,
			);
			defaultConfigurationIsVisible = 0;
			defaultConfigurationName = Release;
		};
		5C25EE3C2455DDD5004F12C6 /* Build configuration list for PBXNativeTarget "PrismaMediaTestTests" */ = {
			isa = XCConfigurationList;
			buildConfigurations = (
				5C25EE3D2455DDD5004F12C6 /* Debug */,
				5C25EE3E2455DDD5004F12C6 /* Release */,
			);
			defaultConfigurationIsVisible = 0;
			defaultConfigurationName = Release;
		};
/* End XCConfigurationList section */
	};
	rootObject = 5C25EE122455DDD3004F12C6 /* Project object */;
}
